
Microsoft Visual Studio Solution File, Format Version 12.00
# Visual Studio Version 16
VisualStudioVersion = 16.0.29001.49
MinimumVisualStudioVersion = 10.0.40219.1
Project("{2150E333-8FDC-42A3-9474-1A3956D46DE8}") = "Source", "Source", "{BDD76646-2418-41BA-8F7A-4CB3C2B42593}"
EndProject
Project("{2150E333-8FDC-42A3-9474-1A3956D46DE8}") = "Test", "Test", "{E437EDF2-E0D2-4CB7-885E-E500019E0AFD}"
EndProject
Project("{778DAE3C-4631-46EA-AA77-85C1314464D9}") = "Yamo", "Source\Yamo\Yamo.vbproj", "{D32BA840-A58F-441F-9211-2B50646434B9}"
EndProject
Project("{778DAE3C-4631-46EA-AA77-85C1314464D9}") = "Yamo.SqlServer", "Source\Yamo.SqlServer\Yamo.SqlServer.vbproj", "{AE939C31-706D-47C2-8445-9A5141AD6A37}"
EndProject
Project("{2150E333-8FDC-42A3-9474-1A3956D46DE8}") = "Samples", "Samples", "{3E03BA6A-76DC-4B42-8C54-99FDD716ED70}"
EndProject
Project("{F184B08F-C81C-45F6-A57F-5ABD9991F28F}") = "Yamo.Playground", "Samples\Yamo.Playground\Yamo.Playground.vbproj", "{64B7C964-21DA-4612-9317-35E0F5562BE1}"
EndProject
Project("{FAE04EC0-301F-11D3-BF4B-00C04F79EFBC}") = "Yamo.PlaygroundCS", "Samples\Yamo.PlaygroundCS\Yamo.PlaygroundCS.csproj", "{04EFC854-905D-4875-85EB-0AAEEFFE5F47}"
EndProject
Project("{F184B08F-C81C-45F6-A57F-5ABD9991F28F}") = "Yamo.Test", "Test\Yamo.Test\Yamo.Test.vbproj", "{7A18440A-8750-4B50-BCBD-A4172C230892}"
EndProject
Project("{F184B08F-C81C-45F6-A57F-5ABD9991F28F}") = "Yamo.SqlServer.Test", "Test\Yamo.SqlServer.Test\Yamo.SqlServer.Test.vbproj", "{69A4543B-D746-47BC-98E0-341F499288AB}"
EndProject
Project("{778DAE3C-4631-46EA-AA77-85C1314464D9}") = "Yamo.SQLite", "Source\Yamo.SQLite\Yamo.SQLite.vbproj", "{9CF4DB78-78F3-4E40-A60B-807BE00CD02C}"
EndProject
Project("{F184B08F-C81C-45F6-A57F-5ABD9991F28F}") = "Yamo.SQLite.Test", "Test\Yamo.SQLite.Test\Yamo.SQLite.Test.vbproj", "{A17BF779-2DE6-457A-8CF4-DCAD92AC9F0F}"
EndProject
Project("{2150E333-8FDC-42A3-9474-1A3956D46DE8}") = "Benchmarks", "Benchmarks", "{16FA0B29-C6FF-46A8-BB2D-AC9CA744BA07}"
EndProject
Project("{F184B08F-C81C-45F6-A57F-5ABD9991F28F}") = "Yamo.Benchmarks", "Benchmarks\Yamo.Benchmarks\Yamo.Benchmarks.vbproj", "{589A8829-5C72-4D0A-80F5-6B390DAC0D1E}"
EndProject
Project("{2150E333-8FDC-42A3-9474-1A3956D46DE8}") = "Nuget", "Nuget", "{EA24AD48-C298-400B-98A7-BD9C7227EF70}"
	ProjectSection(SolutionItems) = preProject
		Nuget\pack.bat = Nuget\pack.bat
		Nuget\push.bat = Nuget\push.bat
	EndProjectSection
EndProject
Project("{F184B08F-C81C-45F6-A57F-5ABD9991F28F}") = "Yamo.CodeGenerator", "Source\Yamo.CodeGenerator\Yamo.CodeGenerator.vbproj", "{61CCF9C3-BA54-46D1-883A-BDBD5B3508DB}"
EndProject
Global
	GlobalSection(SolutionConfigurationPlatforms) = preSolution
		Debug|Any CPU = Debug|Any CPU
		Release|Any CPU = Release|Any CPU
	EndGlobalSection
	GlobalSection(ProjectConfigurationPlatforms) = postSolution
		{D32BA840-A58F-441F-9211-2B50646434B9}.Debug|Any CPU.ActiveCfg = Debug|Any CPU
		{D32BA840-A58F-441F-9211-2B50646434B9}.Debug|Any CPU.Build.0 = Debug|Any CPU
		{D32BA840-A58F-441F-9211-2B50646434B9}.Release|Any CPU.ActiveCfg = Release|Any CPU
		{D32BA840-A58F-441F-9211-2B50646434B9}.Release|Any CPU.Build.0 = Release|Any CPU
		{AE939C31-706D-47C2-8445-9A5141AD6A37}.Debug|Any CPU.ActiveCfg = Debug|Any CPU
		{AE939C31-706D-47C2-8445-9A5141AD6A37}.Debug|Any CPU.Build.0 = Debug|Any CPU
		{AE939C31-706D-47C2-8445-9A5141AD6A37}.Release|Any CPU.ActiveCfg = Release|Any CPU
		{AE939C31-706D-47C2-8445-9A5141AD6A37}.Release|Any CPU.Build.0 = Release|Any CPU
		{64B7C964-21DA-4612-9317-35E0F5562BE1}.Debug|Any CPU.ActiveCfg = Debug|Any CPU
		{64B7C964-21DA-4612-9317-35E0F5562BE1}.Debug|Any CPU.Build.0 = Debug|Any CPU
		{64B7C964-21DA-4612-9317-35E0F5562BE1}.Release|Any CPU.ActiveCfg = Release|Any CPU
		{64B7C964-21DA-4612-9317-35E0F5562BE1}.Release|Any CPU.Build.0 = Release|Any CPU
		{04EFC854-905D-4875-85EB-0AAEEFFE5F47}.Debug|Any CPU.ActiveCfg = Debug|Any CPU
		{04EFC854-905D-4875-85EB-0AAEEFFE5F47}.Debug|Any CPU.Build.0 = Debug|Any CPU
		{04EFC854-905D-4875-85EB-0AAEEFFE5F47}.Release|Any CPU.ActiveCfg = Release|Any CPU
		{04EFC854-905D-4875-85EB-0AAEEFFE5F47}.Release|Any CPU.Build.0 = Release|Any CPU
		{7A18440A-8750-4B50-BCBD-A4172C230892}.Debug|Any CPU.ActiveCfg = Debug|Any CPU
		{7A18440A-8750-4B50-BCBD-A4172C230892}.Debug|Any CPU.Build.0 = Debug|Any CPU
		{7A18440A-8750-4B50-BCBD-A4172C230892}.Release|Any CPU.ActiveCfg = Release|Any CPU
		{7A18440A-8750-4B50-BCBD-A4172C230892}.Release|Any CPU.Build.0 = Release|Any CPU
		{69A4543B-D746-47BC-98E0-341F499288AB}.Debug|Any CPU.ActiveCfg = Debug|Any CPU
		{69A4543B-D746-47BC-98E0-341F499288AB}.Debug|Any CPU.Build.0 = Debug|Any CPU
		{69A4543B-D746-47BC-98E0-341F499288AB}.Release|Any CPU.ActiveCfg = Release|Any CPU
		{69A4543B-D746-47BC-98E0-341F499288AB}.Release|Any CPU.Build.0 = Release|Any CPU
		{9CF4DB78-78F3-4E40-A60B-807BE00CD02C}.Debug|Any CPU.ActiveCfg = Debug|Any CPU
		{9CF4DB78-78F3-4E40-A60B-807BE00CD02C}.Debug|Any CPU.Build.0 = Debug|Any CPU
		{9CF4DB78-78F3-4E40-A60B-807BE00CD02C}.Release|Any CPU.ActiveCfg = Release|Any CPU
		{9CF4DB78-78F3-4E40-A60B-807BE00CD02C}.Release|Any CPU.Build.0 = Release|Any CPU
		{A17BF779-2DE6-457A-8CF4-DCAD92AC9F0F}.Debug|Any CPU.ActiveCfg = Debug|Any CPU
		{A17BF779-2DE6-457A-8CF4-DCAD92AC9F0F}.Debug|Any CPU.Build.0 = Debug|Any CPU
		{A17BF779-2DE6-457A-8CF4-DCAD92AC9F0F}.Release|Any CPU.ActiveCfg = Release|Any CPU
		{A17BF779-2DE6-457A-8CF4-DCAD92AC9F0F}.Release|Any CPU.Build.0 = Release|Any CPU
		{589A8829-5C72-4D0A-80F5-6B390DAC0D1E}.Debug|Any CPU.ActiveCfg = Debug|Any CPU
		{589A8829-5C72-4D0A-80F5-6B390DAC0D1E}.Debug|Any CPU.Build.0 = Debug|Any CPU
		{589A8829-5C72-4D0A-80F5-6B390DAC0D1E}.Release|Any CPU.ActiveCfg = Release|Any CPU
		{589A8829-5C72-4D0A-80F5-6B390DAC0D1E}.Release|Any CPU.Build.0 = Release|Any CPU
		{61CCF9C3-BA54-46D1-883A-BDBD5B3508DB}.Debug|Any CPU.ActiveCfg = Debug|Any CPU
		{61CCF9C3-BA54-46D1-883A-BDBD5B3508DB}.Debug|Any CPU.Build.0 = Debug|Any CPU
		{61CCF9C3-BA54-46D1-883A-BDBD5B3508DB}.Release|Any CPU.ActiveCfg = Release|Any CPU
		{61CCF9C3-BA54-46D1-883A-BDBD5B3508DB}.Release|Any CPU.Build.0 = Release|Any CPU
	EndGlobalSection
	GlobalSection(SolutionProperties) = preSolution
		HideSolutionNode = FALSE
	EndGlobalSection
	GlobalSection(NestedProjects) = preSolution
		{D32BA840-A58F-441F-9211-2B50646434B9} = {BDD76646-2418-41BA-8F7A-4CB3C2B42593}
		{AE939C31-706D-47C2-8445-9A5141AD6A37} = {BDD76646-2418-41BA-8F7A-4CB3C2B42593}
		{64B7C964-21DA-4612-9317-35E0F5562BE1} = {3E03BA6A-76DC-4B42-8C54-99FDD716ED70}
		{04EFC854-905D-4875-85EB-0AAEEFFE5F47} = {3E03BA6A-76DC-4B42-8C54-99FDD716ED70}
		{7A18440A-8750-4B50-BCBD-A4172C230892} = {E437EDF2-E0D2-4CB7-885E-E500019E0AFD}
		{69A4543B-D746-47BC-98E0-341F499288AB} = {E437EDF2-E0D2-4CB7-885E-E500019E0AFD}
		{9CF4DB78-78F3-4E40-A60B-807BE00CD02C} = {BDD76646-2418-41BA-8F7A-4CB3C2B42593}
		{A17BF779-2DE6-457A-8CF4-DCAD92AC9F0F} = {E437EDF2-E0D2-4CB7-885E-E500019E0AFD}
		{589A8829-5C72-4D0A-80F5-6B390DAC0D1E} = {16FA0B29-C6FF-46A8-BB2D-AC9CA744BA07}
		{61CCF9C3-BA54-46D1-883A-BDBD5B3508DB} = {BDD76646-2418-41BA-8F7A-4CB3C2B42593}
	EndGlobalSection
	GlobalSection(ExtensibilityGlobals) = postSolution
		SolutionGuid = {35AE73FF-F868-4905-9C15-F260BAE28227}
	EndGlobalSection
	GlobalSection(Performance) = preSolution
		HasPerformanceSessions = true
	EndGlobalSection
EndGlobal
