
Microsoft Visual Studio Solution File, Format Version 12.00
# Visual Studio Version 17
VisualStudioVersion = 17.0.32014.148
MinimumVisualStudioVersion = 10.0.40219.1
Project("{2150E333-8FDC-42A3-9474-1A3956D46DE8}") = "Source", "Source", "{BDD76646-2418-41BA-8F7A-4CB3C2B42593}"
EndProject
Project("{2150E333-8FDC-42A3-9474-1A3956D46DE8}") = "Test", "Test", "{E437EDF2-E0D2-4CB7-885E-E500019E0AFD}"
EndProject
Project("{778DAE3C-4631-46EA-AA77-85C1314464D9}") = "Yamo", "Source\Yamo\Yamo.vbproj", "{D32BA840-A58F-441F-9211-2B50646434B9}"
EndProject
Project("{778DAE3C-4631-46EA-AA77-85C1314464D9}") = "Yamo.SqlServer", "Source\Yamo.SqlServer\Yamo.SqlServer.vbproj", "{AE939C31-706D-47C2-8445-9A5141AD6A37}"
EndProject
Project("{2150E333-8FDC-42A3-9474-1A3956D46DE8}") = "Samples", "Samples", "{3E03BA6A-76DC-4B42-8C54-99FDD716ED70}"
EndProject
Project("{778DAE3C-4631-46EA-AA77-85C1314464D9}") = "Yamo.SQLite", "Source\Yamo.SQLite\Yamo.SQLite.vbproj", "{9CF4DB78-78F3-4E40-A60B-807BE00CD02C}"
EndProject
Project("{2150E333-8FDC-42A3-9474-1A3956D46DE8}") = "Benchmarks", "Benchmarks", "{16FA0B29-C6FF-46A8-BB2D-AC9CA744BA07}"
EndProject
Project("{2150E333-8FDC-42A3-9474-1A3956D46DE8}") = "Nuget", "Nuget", "{EA24AD48-C298-400B-98A7-BD9C7227EF70}"
	ProjectSection(SolutionItems) = preProject
		Nuget\pack.bat = Nuget\pack.bat
		Nuget\push.bat = Nuget\push.bat
	EndProjectSection
EndProject
Project("{778DAE3C-4631-46EA-AA77-85C1314464D9}") = "Yamo.CodeGenerator", "Source\Yamo.CodeGenerator\Yamo.CodeGenerator.vbproj", "{61CCF9C3-BA54-46D1-883A-BDBD5B3508DB}"
EndProject
Project("{778DAE3C-4631-46EA-AA77-85C1314464D9}") = "Yamo.Benchmarks", "Benchmarks\Yamo.Benchmarks\Yamo.Benchmarks.vbproj", "{49E61955-B655-4752-ABD1-D7802B69BF44}"
EndProject
Project("{778DAE3C-4631-46EA-AA77-85C1314464D9}") = "Yamo.Test", "Test\Yamo.Test\Yamo.Test.vbproj", "{F9B10063-5389-4F5E-8F2B-4C2E46988EC6}"
EndProject
Project("{778DAE3C-4631-46EA-AA77-85C1314464D9}") = "Yamo.Test.SQLite", "Test\Yamo.Test.SQLite\Yamo.Test.SQLite.vbproj", "{E1DE7318-1459-4AAD-9A36-90DE438BD4C6}"
EndProject
Project("{778DAE3C-4631-46EA-AA77-85C1314464D9}") = "Yamo.Test.SqlServer", "Test\Yamo.Test.SqlServer\Yamo.Test.SqlServer.vbproj", "{FEC0BB53-CB6D-48F2-BBF8-6D82AF5B7647}"
EndProject
Project("{778DAE3C-4631-46EA-AA77-85C1314464D9}") = "Yamo.Playground.VB", "Samples\Yamo.Playground.VB\Yamo.Playground.VB.vbproj", "{1E64FEBC-B19E-4C94-9F5B-39CB449D0FB7}"
EndProject
Project("{9A19103F-16F7-4668-BE54-9A1E7A4F7556}") = "Yamo.Playground.CS", "Samples\Yamo.Playground.CS\Yamo.Playground.CS.csproj", "{AE5EEFC7-B685-41AF-89D0-C2DDB925C507}"
EndProject
Project("{778DAE3C-4631-46EA-AA77-85C1314464D9}") = "Yamo.Test.VB", "Test\Yamo.Test.VB\Yamo.Test.VB.vbproj", "{C9E6B497-06FA-4653-84C6-B572E4080AA1}"
EndProject
Project("{9A19103F-16F7-4668-BE54-9A1E7A4F7556}") = "Yamo.Test.CS", "Test\Yamo.Test.CS\Yamo.Test.CS.csproj", "{F636F504-8E71-431D-B70F-B8D993BCAE29}"
EndProject
Global
	GlobalSection(SolutionConfigurationPlatforms) = preSolution
		Debug|Any CPU = Debug|Any CPU
		Release|Any CPU = Release|Any CPU
	EndGlobalSection
	GlobalSection(ProjectConfigurationPlatforms) = postSolution
		{D32BA840-A58F-441F-9211-2B50646434B9}.Debug|Any CPU.ActiveCfg = Debug|Any CPU
		{D32BA840-A58F-441F-9211-2B50646434B9}.Debug|Any CPU.Build.0 = Debug|Any CPU
		{D32BA840-A58F-441F-9211-2B50646434B9}.Release|Any CPU.ActiveCfg = Release|Any CPU
		{D32BA840-A58F-441F-9211-2B50646434B9}.Release|Any CPU.Build.0 = Release|Any CPU
		{AE939C31-706D-47C2-8445-9A5141AD6A37}.Debug|Any CPU.ActiveCfg = Debug|Any CPU
		{AE939C31-706D-47C2-8445-9A5141AD6A37}.Debug|Any CPU.Build.0 = Debug|Any CPU
		{AE939C31-706D-47C2-8445-9A5141AD6A37}.Release|Any CPU.ActiveCfg = Release|Any CPU
		{AE939C31-706D-47C2-8445-9A5141AD6A37}.Release|Any CPU.Build.0 = Release|Any CPU
		{9CF4DB78-78F3-4E40-A60B-807BE00CD02C}.Debug|Any CPU.ActiveCfg = Debug|Any CPU
		{9CF4DB78-78F3-4E40-A60B-807BE00CD02C}.Debug|Any CPU.Build.0 = Debug|Any CPU
		{9CF4DB78-78F3-4E40-A60B-807BE00CD02C}.Release|Any CPU.ActiveCfg = Release|Any CPU
		{9CF4DB78-78F3-4E40-A60B-807BE00CD02C}.Release|Any CPU.Build.0 = Release|Any CPU
		{61CCF9C3-BA54-46D1-883A-BDBD5B3508DB}.Debug|Any CPU.ActiveCfg = Debug|Any CPU
		{61CCF9C3-BA54-46D1-883A-BDBD5B3508DB}.Debug|Any CPU.Build.0 = Debug|Any CPU
		{61CCF9C3-BA54-46D1-883A-BDBD5B3508DB}.Release|Any CPU.ActiveCfg = Release|Any CPU
		{61CCF9C3-BA54-46D1-883A-BDBD5B3508DB}.Release|Any CPU.Build.0 = Release|Any CPU
		{49E61955-B655-4752-ABD1-D7802B69BF44}.Debug|Any CPU.ActiveCfg = Debug|Any CPU
		{49E61955-B655-4752-ABD1-D7802B69BF44}.Debug|Any CPU.Build.0 = Debug|Any CPU
		{49E61955-B655-4752-ABD1-D7802B69BF44}.Release|Any CPU.ActiveCfg = Release|Any CPU
		{49E61955-B655-4752-ABD1-D7802B69BF44}.Release|Any CPU.Build.0 = Release|Any CPU
		{F9B10063-5389-4F5E-8F2B-4C2E46988EC6}.Debug|Any CPU.ActiveCfg = Debug|Any CPU
		{F9B10063-5389-4F5E-8F2B-4C2E46988EC6}.Debug|Any CPU.Build.0 = Debug|Any CPU
		{F9B10063-5389-4F5E-8F2B-4C2E46988EC6}.Release|Any CPU.ActiveCfg = Release|Any CPU
		{F9B10063-5389-4F5E-8F2B-4C2E46988EC6}.Release|Any CPU.Build.0 = Release|Any CPU
		{E1DE7318-1459-4AAD-9A36-90DE438BD4C6}.Debug|Any CPU.ActiveCfg = Debug|Any CPU
		{E1DE7318-1459-4AAD-9A36-90DE438BD4C6}.Debug|Any CPU.Build.0 = Debug|Any CPU
		{E1DE7318-1459-4AAD-9A36-90DE438BD4C6}.Release|Any CPU.ActiveCfg = Release|Any CPU
		{E1DE7318-1459-4AAD-9A36-90DE438BD4C6}.Release|Any CPU.Build.0 = Release|Any CPU
		{FEC0BB53-CB6D-48F2-BBF8-6D82AF5B7647}.Debug|Any CPU.ActiveCfg = Debug|Any CPU
		{FEC0BB53-CB6D-48F2-BBF8-6D82AF5B7647}.Debug|Any CPU.Build.0 = Debug|Any CPU
		{FEC0BB53-CB6D-48F2-BBF8-6D82AF5B7647}.Release|Any CPU.ActiveCfg = Release|Any CPU
		{FEC0BB53-CB6D-48F2-BBF8-6D82AF5B7647}.Release|Any CPU.Build.0 = Release|Any CPU
		{1E64FEBC-B19E-4C94-9F5B-39CB449D0FB7}.Debug|Any CPU.ActiveCfg = Debug|Any CPU
		{1E64FEBC-B19E-4C94-9F5B-39CB449D0FB7}.Debug|Any CPU.Build.0 = Debug|Any CPU
		{1E64FEBC-B19E-4C94-9F5B-39CB449D0FB7}.Release|Any CPU.ActiveCfg = Release|Any CPU
		{1E64FEBC-B19E-4C94-9F5B-39CB449D0FB7}.Release|Any CPU.Build.0 = Release|Any CPU
		{AE5EEFC7-B685-41AF-89D0-C2DDB925C507}.Debug|Any CPU.ActiveCfg = Debug|Any CPU
		{AE5EEFC7-B685-41AF-89D0-C2DDB925C507}.Debug|Any CPU.Build.0 = Debug|Any CPU
		{AE5EEFC7-B685-41AF-89D0-C2DDB925C507}.Release|Any CPU.ActiveCfg = Release|Any CPU
		{AE5EEFC7-B685-41AF-89D0-C2DDB925C507}.Release|Any CPU.Build.0 = Release|Any CPU
		{C9E6B497-06FA-4653-84C6-B572E4080AA1}.Debug|Any CPU.ActiveCfg = Debug|Any CPU
		{C9E6B497-06FA-4653-84C6-B572E4080AA1}.Debug|Any CPU.Build.0 = Debug|Any CPU
		{C9E6B497-06FA-4653-84C6-B572E4080AA1}.Release|Any CPU.ActiveCfg = Release|Any CPU
		{C9E6B497-06FA-4653-84C6-B572E4080AA1}.Release|Any CPU.Build.0 = Release|Any CPU
		{F636F504-8E71-431D-B70F-B8D993BCAE29}.Debug|Any CPU.ActiveCfg = Debug|Any CPU
		{F636F504-8E71-431D-B70F-B8D993BCAE29}.Debug|Any CPU.Build.0 = Debug|Any CPU
		{F636F504-8E71-431D-B70F-B8D993BCAE29}.Release|Any CPU.ActiveCfg = Release|Any CPU
		{F636F504-8E71-431D-B70F-B8D993BCAE29}.Release|Any CPU.Build.0 = Release|Any CPU
	EndGlobalSection
	GlobalSection(SolutionProperties) = preSolution
		HideSolutionNode = FALSE
	EndGlobalSection
	GlobalSection(NestedProjects) = preSolution
		{D32BA840-A58F-441F-9211-2B50646434B9} = {BDD76646-2418-41BA-8F7A-4CB3C2B42593}
		{AE939C31-706D-47C2-8445-9A5141AD6A37} = {BDD76646-2418-41BA-8F7A-4CB3C2B42593}
		{9CF4DB78-78F3-4E40-A60B-807BE00CD02C} = {BDD76646-2418-41BA-8F7A-4CB3C2B42593}
		{61CCF9C3-BA54-46D1-883A-BDBD5B3508DB} = {BDD76646-2418-41BA-8F7A-4CB3C2B42593}
		{49E61955-B655-4752-ABD1-D7802B69BF44} = {16FA0B29-C6FF-46A8-BB2D-AC9CA744BA07}
		{F9B10063-5389-4F5E-8F2B-4C2E46988EC6} = {E437EDF2-E0D2-4CB7-885E-E500019E0AFD}
		{E1DE7318-1459-4AAD-9A36-90DE438BD4C6} = {E437EDF2-E0D2-4CB7-885E-E500019E0AFD}
		{FEC0BB53-CB6D-48F2-BBF8-6D82AF5B7647} = {E437EDF2-E0D2-4CB7-885E-E500019E0AFD}
		{1E64FEBC-B19E-4C94-9F5B-39CB449D0FB7} = {3E03BA6A-76DC-4B42-8C54-99FDD716ED70}
		{AE5EEFC7-B685-41AF-89D0-C2DDB925C507} = {3E03BA6A-76DC-4B42-8C54-99FDD716ED70}
		{C9E6B497-06FA-4653-84C6-B572E4080AA1} = {E437EDF2-E0D2-4CB7-885E-E500019E0AFD}
		{F636F504-8E71-431D-B70F-B8D993BCAE29} = {E437EDF2-E0D2-4CB7-885E-E500019E0AFD}
	EndGlobalSection
	GlobalSection(ExtensibilityGlobals) = postSolution
		SolutionGuid = {35AE73FF-F868-4905-9C15-F260BAE28227}
	EndGlobalSection
	GlobalSection(Performance) = preSolution
		HasPerformanceSessions = true
	EndGlobalSection
EndGlobal
